
Microsoft Visual Studio Solution File, Format Version 12.00
# Visual Studio Version 17
VisualStudioVersion = 17.6.33829.357
MinimumVisualStudioVersion = 10.0.40219.1
Project("{FAE04EC0-301F-11D3-BF4B-00C04F79EFBC}") = "HoslaBotApi", "HoslaBotApi\HoslaBotApi.csproj", "{1D1718C1-915E-4351-B469-C4E64D391663}"
EndProject
Global
	GlobalSection(SolutionConfigurationPlatforms) = preSolution
		Debug|Any CPU = Debug|Any CPU
		Release|Any CPU = Release|Any CPU
	EndGlobalSection
	GlobalSection(ProjectConfigurationPlatforms) = postSolution
		{1D1718C1-915E-4351-B469-C4E64D391663}.Debug|Any CPU.ActiveCfg = Debug|Any CPU
		{1D1718C1-915E-4351-B469-C4E64D391663}.Debug|Any CPU.Build.0 = Debug|Any CPU
		{1D1718C1-915E-4351-B469-C4E64D391663}.Release|Any CPU.ActiveCfg = Release|Any CPU
		{1D1718C1-915E-4351-B469-C4E64D391663}.Release|Any CPU.Build.0 = Release|Any CPU
	EndGlobalSection
	GlobalSection(SolutionProperties) = preSolution
		HideSolutionNode = FALSE
	EndGlobalSection
	GlobalSection(ExtensibilityGlobals) = postSolution
		SolutionGuid = {8FA24AB9-1F99-4655-98BD-1CB67DA8A05B}
	EndGlobalSection
EndGlobal
